// !$*UTF8*$!
{
	archiveVersion = 1;
	classes = {
	};
	objectVersion = 56;
	objects = {

/* Begin PBXBuildFile section */
		48F191DB2ACBEBB4009DF668 /* AppDelegate.swift in Sources */ = {isa = PBXBuildFile; fileRef = 48F191DA2ACBEBB4009DF668 /* AppDelegate.swift */; };
		48F191DD2ACBEBB4009DF668 /* ContentView.swift in Sources */ = {isa = PBXBuildFile; fileRef = 48F191DC2ACBEBB4009DF668 /* ContentView.swift */; };
		48F191DF2ACBEBB4009DF668 /* Experience.rcproject in Sources */ = {isa = PBXBuildFile; fileRef = 48F191DE2ACBEBB4009DF668 /* Experience.rcproject */; };
		48F191E12ACBEBB6009DF668 /* Assets.xcassets in Resources */ = {isa = PBXBuildFile; fileRef = 48F191E02ACBEBB6009DF668 /* Assets.xcassets */; };
		48F191E42ACBEBB6009DF668 /* Preview Assets.xcassets in Resources */ = {isa = PBXBuildFile; fileRef = 48F191E32ACBEBB6009DF668 /* Preview Assets.xcassets */; };
		48F191EC2ACBF3DC009DF668 /* ARViewModel.swift in Sources */ = {isa = PBXBuildFile; fileRef = 48F191EB2ACBF3DC009DF668 /* ARViewModel.swift */; };
		48F191EE2ACBF423009DF668 /* ARModel.swift in Sources */ = {isa = PBXBuildFile; fileRef = 48F191ED2ACBF423009DF668 /* ARModel.swift */; };
		48F191F02ACDAAC5009DF668 /* FaceRing.rcproject in Sources */ = {isa = PBXBuildFile; fileRef = 48F191EF2ACDAAC5009DF668 /* FaceRing.rcproject */; };
		48F191F22ACEEBF7009DF668 /* StopWatch.swift in Sources */ = {isa = PBXBuildFile; fileRef = 48F191F12ACEEBF7009DF668 /* StopWatch.swift */; };
/* End PBXBuildFile section */

/* Begin PBXFileReference section */
		48F191D72ACBEBB4009DF668 /* GoodSmile.app */ = {isa = PBXFileReference; explicitFileType = wrapper.application; includeInIndex = 0; path = GoodSmile.app; sourceTree = BUILT_PRODUCTS_DIR; };
		48F191DA2ACBEBB4009DF668 /* AppDelegate.swift */ = {isa = PBXFileReference; lastKnownFileType = sourcecode.swift; path = AppDelegate.swift; sourceTree = "<group>"; };
		48F191DC2ACBEBB4009DF668 /* ContentView.swift */ = {isa = PBXFileReference; lastKnownFileType = sourcecode.swift; path = ContentView.swift; sourceTree = "<group>"; };
		48F191DE2ACBEBB4009DF668 /* Experience.rcproject */ = {isa = PBXFileReference; lastKnownFileType = file.rcproject; path = Experience.rcproject; sourceTree = "<group>"; };
		48F191E02ACBEBB6009DF668 /* Assets.xcassets */ = {isa = PBXFileReference; lastKnownFileType = folder.assetcatalog; path = Assets.xcassets; sourceTree = "<group>"; };
		48F191E32ACBEBB6009DF668 /* Preview Assets.xcassets */ = {isa = PBXFileReference; lastKnownFileType = folder.assetcatalog; path = "Preview Assets.xcassets"; sourceTree = "<group>"; };
		48F191EB2ACBF3DC009DF668 /* ARViewModel.swift */ = {isa = PBXFileReference; lastKnownFileType = sourcecode.swift; path = ARViewModel.swift; sourceTree = "<group>"; };
		48F191ED2ACBF423009DF668 /* ARModel.swift */ = {isa = PBXFileReference; lastKnownFileType = sourcecode.swift; path = ARModel.swift; sourceTree = "<group>"; };
		48F191EF2ACDAAC5009DF668 /* FaceRing.rcproject */ = {isa = PBXFileReference; lastKnownFileType = file.rcproject; path = FaceRing.rcproject; sourceTree = "<group>"; };
		48F191F12ACEEBF7009DF668 /* StopWatch.swift */ = {isa = PBXFileReference; lastKnownFileType = sourcecode.swift; path = StopWatch.swift; sourceTree = "<group>"; };
/* End PBXFileReference section */

/* Begin PBXFrameworksBuildPhase section */
		48F191D42ACBEBB4009DF668 /* Frameworks */ = {
			isa = PBXFrameworksBuildPhase;
			buildActionMask = 2147483647;
			files = (
			);
			runOnlyForDeploymentPostprocessing = 0;
		};
/* End PBXFrameworksBuildPhase section */

/* Begin PBXGroup section */
		48F191CE2ACBEBB4009DF668 = {
			isa = PBXGroup;
			children = (
				48F191D92ACBEBB4009DF668 /* GoodSmile */,
				48F191D82ACBEBB4009DF668 /* Products */,
			);
			sourceTree = "<group>";
		};
		48F191D82ACBEBB4009DF668 /* Products */ = {
			isa = PBXGroup;
			children = (
				48F191D72ACBEBB4009DF668 /* GoodSmile.app */,
			);
			name = Products;
			sourceTree = "<group>";
		};
		48F191D92ACBEBB4009DF668 /* GoodSmile */ = {
			isa = PBXGroup;
			children = (
				48F191EA2ACBF3D2009DF668 /* ViewModel */,
				48F191DA2ACBEBB4009DF668 /* AppDelegate.swift */,
				48F191DC2ACBEBB4009DF668 /* ContentView.swift */,
				48F191EF2ACDAAC5009DF668 /* FaceRing.rcproject */,
				48F191DE2ACBEBB4009DF668 /* Experience.rcproject */,
				48F191E02ACBEBB6009DF668 /* Assets.xcassets */,
				48F191E22ACBEBB6009DF668 /* Preview Content */,
			);
			path = GoodSmile;
			sourceTree = "<group>";
		};
		48F191E22ACBEBB6009DF668 /* Preview Content */ = {
			isa = PBXGroup;
			children = (
				48F191E32ACBEBB6009DF668 /* Preview Assets.xcassets */,
			);
			path = "Preview Content";
			sourceTree = "<group>";
		};
		48F191EA2ACBF3D2009DF668 /* ViewModel */ = {
			isa = PBXGroup;
			children = (
				48F191EB2ACBF3DC009DF668 /* ARViewModel.swift */,
				48F191ED2ACBF423009DF668 /* ARModel.swift */,
				48F191F12ACEEBF7009DF668 /* StopWatch.swift */,
			);
			path = ViewModel;
			sourceTree = "<group>";
		};
/* End PBXGroup section */

/* Begin PBXNativeTarget section */
		48F191D62ACBEBB4009DF668 /* GoodSmile */ = {
			isa = PBXNativeTarget;
			buildConfigurationList = 48F191E72ACBEBB6009DF668 /* Build configuration list for PBXNativeTarget "GoodSmile" */;
			buildPhases = (
				48F191D32ACBEBB4009DF668 /* Sources */,
				48F191D42ACBEBB4009DF668 /* Frameworks */,
				48F191D52ACBEBB4009DF668 /* Resources */,
			);
			buildRules = (
			);
			dependencies = (
			);
			name = GoodSmile;
			productName = GoodSmile;
			productReference = 48F191D72ACBEBB4009DF668 /* GoodSmile.app */;
			productType = "com.apple.product-type.application";
		};
/* End PBXNativeTarget section */

/* Begin PBXProject section */
		48F191CF2ACBEBB4009DF668 /* Project object */ = {
			isa = PBXProject;
			attributes = {
				BuildIndependentTargetsInParallel = 1;
				LastSwiftUpdateCheck = 1420;
				LastUpgradeCheck = 1420;
				TargetAttributes = {
					48F191D62ACBEBB4009DF668 = {
						CreatedOnToolsVersion = 14.2;
					};
				};
			};
			buildConfigurationList = 48F191D22ACBEBB4009DF668 /* Build configuration list for PBXProject "GoodSmile" */;
			compatibilityVersion = "Xcode 14.0";
			developmentRegion = en;
			hasScannedForEncodings = 0;
			knownRegions = (
				en,
				Base,
			);
			mainGroup = 48F191CE2ACBEBB4009DF668;
			productRefGroup = 48F191D82ACBEBB4009DF668 /* Products */;
			projectDirPath = "";
			projectRoot = "";
			targets = (
				48F191D62ACBEBB4009DF668 /* GoodSmile */,
			);
		};
/* End PBXProject section */

/* Begin PBXResourcesBuildPhase section */
		48F191D52ACBEBB4009DF668 /* Resources */ = {
			isa = PBXResourcesBuildPhase;
			buildActionMask = 2147483647;
			files = (
				48F191E42ACBEBB6009DF668 /* Preview Assets.xcassets in Resources */,
				48F191E12ACBEBB6009DF668 /* Assets.xcassets in Resources */,
			);
			runOnlyForDeploymentPostprocessing = 0;
		};
/* End PBXResourcesBuildPhase section */

/* Begin PBXSourcesBuildPhase section */
		48F191D32ACBEBB4009DF668 /* Sources */ = {
			isa = PBXSourcesBuildPhase;
			buildActionMask = 2147483647;
			files = (
				48F191DD2ACBEBB4009DF668 /* ContentView.swift in Sources */,
				48F191DB2ACBEBB4009DF668 /* AppDelegate.swift in Sources */,
				48F191DF2ACBEBB4009DF668 /* Experience.rcproject in Sources */,
				48F191F22ACEEBF7009DF668 /* StopWatch.swift in Sources */,
				48F191F02ACDAAC5009DF668 /* FaceRing.rcproject in Sources */,
				48F191EC2ACBF3DC009DF668 /* ARViewModel.swift in Sources */,
				48F191EE2ACBF423009DF668 /* ARModel.swift in Sources */,
			);
			runOnlyForDeploymentPostprocessing = 0;
		};
/* End PBXSourcesBuildPhase section */

/* Begin XCBuildConfiguration section */
		48F191E52ACBEBB6009DF668 /* Debug */ = {
			isa = XCBuildConfiguration;
			buildSettings = {
				ALWAYS_SEARCH_USER_PATHS = NO;
				CLANG_ANALYZER_NONNULL = YES;
				CLANG_ANALYZER_NUMBER_OBJECT_CONVERSION = YES_AGGRESSIVE;
				CLANG_CXX_LANGUAGE_STANDARD = "gnu++20";
				CLANG_ENABLE_MODULES = YES;
				CLANG_ENABLE_OBJC_ARC = YES;
				CLANG_ENABLE_OBJC_WEAK = YES;
				CLANG_WARN_BLOCK_CAPTURE_AUTORELEASING = YES;
				CLANG_WARN_BOOL_CONVERSION = YES;
				CLANG_WARN_COMMA = YES;
				CLANG_WARN_CONSTANT_CONVERSION = YES;
				CLANG_WARN_DEPRECATED_OBJC_IMPLEMENTATIONS = YES;
				CLANG_WARN_DIRECT_OBJC_ISA_USAGE = YES_ERROR;
				CLANG_WARN_DOCUMENTATION_COMMENTS = YES;
				CLANG_WARN_EMPTY_BODY = YES;
				CLANG_WARN_ENUM_CONVERSION = YES;
				CLANG_WARN_INFINITE_RECURSION = YES;
				CLANG_WARN_INT_CONVERSION = YES;
				CLANG_WARN_NON_LITERAL_NULL_CONVERSION = YES;
				CLANG_WARN_OBJC_IMPLICIT_RETAIN_SELF = YES;
				CLANG_WARN_OBJC_LITERAL_CONVERSION = YES;
				CLANG_WARN_OBJC_ROOT_CLASS = YES_ERROR;
				CLANG_WARN_QUOTED_INCLUDE_IN_FRAMEWORK_HEADER = YES;
				CLANG_WARN_RANGE_LOOP_ANALYSIS = YES;
				CLANG_WARN_STRICT_PROTOTYPES = YES;
				CLANG_WARN_SUSPICIOUS_MOVE = YES;
				CLANG_WARN_UNGUARDED_AVAILABILITY = YES_AGGRESSIVE;
				CLANG_WARN_UNREACHABLE_CODE = YES;
				CLANG_WARN__DUPLICATE_METHOD_MATCH = YES;
				COPY_PHASE_STRIP = NO;
				DEBUG_INFORMATION_FORMAT = dwarf;
				ENABLE_STRICT_OBJC_MSGSEND = YES;
				ENABLE_TESTABILITY = YES;
				GCC_C_LANGUAGE_STANDARD = gnu11;
				GCC_DYNAMIC_NO_PIC = NO;
				GCC_NO_COMMON_BLOCKS = YES;
				GCC_OPTIMIZATION_LEVEL = 0;
				GCC_PREPROCESSOR_DEFINITIONS = (
					"DEBUG=1",
					"$(inherited)",
				);
				GCC_WARN_64_TO_32_BIT_CONVERSION = YES;
				GCC_WARN_ABOUT_RETURN_TYPE = YES_ERROR;
				GCC_WARN_UNDECLARED_SELECTOR = YES;
				GCC_WARN_UNINITIALIZED_AUTOS = YES_AGGRESSIVE;
				GCC_WARN_UNUSED_FUNCTION = YES;
				GCC_WARN_UNUSED_VARIABLE = YES;
				IPHONEOS_DEPLOYMENT_TARGET = 16.2;
				MTL_ENABLE_DEBUG_INFO = INCLUDE_SOURCE;
				MTL_FAST_MATH = YES;
				ONLY_ACTIVE_ARCH = YES;
				SDKROOT = iphoneos;
				SWIFT_ACTIVE_COMPILATION_CONDITIONS = DEBUG;
				SWIFT_OPTIMIZATION_LEVEL = "-Onone";
			};
			name = Debug;
		};
		48F191E62ACBEBB6009DF668 /* Release */ = {
			isa = XCBuildConfiguration;
			buildSettings = {
				ALWAYS_SEARCH_USER_PATHS = NO;
				CLANG_ANALYZER_NONNULL = YES;
				CLANG_ANALYZER_NUMBER_OBJECT_CONVERSION = YES_AGGRESSIVE;
				CLANG_CXX_LANGUAGE_STANDARD = "gnu++20";
				CLANG_ENABLE_MODULES = YES;
				CLANG_ENABLE_OBJC_ARC = YES;
				CLANG_ENABLE_OBJC_WEAK = YES;
				CLANG_WARN_BLOCK_CAPTURE_AUTORELEASING = YES;
				CLANG_WARN_BOOL_CONVERSION = YES;
				CLANG_WARN_COMMA = YES;
				CLANG_WARN_CONSTANT_CONVERSION = YES;
				CLANG_WARN_DEPRECATED_OBJC_IMPLEMENTATIONS = YES;
				CLANG_WARN_DIRECT_OBJC_ISA_USAGE = YES_ERROR;
				CLANG_WARN_DOCUMENTATION_COMMENTS = YES;
				CLANG_WARN_EMPTY_BODY = YES;
				CLANG_WARN_ENUM_CONVERSION = YES;
				CLANG_WARN_INFINITE_RECURSION = YES;
				CLANG_WARN_INT_CONVERSION = YES;
				CLANG_WARN_NON_LITERAL_NULL_CONVERSION = YES;
				CLANG_WARN_OBJC_IMPLICIT_RETAIN_SELF = YES;
				CLANG_WARN_OBJC_LITERAL_CONVERSION = YES;
				CLANG_WARN_OBJC_ROOT_CLASS = YES_ERROR;
				CLANG_WARN_QUOTED_INCLUDE_IN_FRAMEWORK_HEADER = YES;
				CLANG_WARN_RANGE_LOOP_ANALYSIS = YES;
				CLANG_WARN_STRICT_PROTOTYPES = YES;
				CLANG_WARN_SUSPICIOUS_MOVE = YES;
				CLANG_WARN_UNGUARDED_AVAILABILITY = YES_AGGRESSIVE;
				CLANG_WARN_UNREACHABLE_CODE = YES;
				CLANG_WARN__DUPLICATE_METHOD_MATCH = YES;
				COPY_PHASE_STRIP = NO;
				DEBUG_INFORMATION_FORMAT = "dwarf-with-dsym";
				ENABLE_NS_ASSERTIONS = NO;
				ENABLE_STRICT_OBJC_MSGSEND = YES;
				GCC_C_LANGUAGE_STANDARD = gnu11;
				GCC_NO_COMMON_BLOCKS = YES;
				GCC_WARN_64_TO_32_BIT_CONVERSION = YES;
				GCC_WARN_ABOUT_RETURN_TYPE = YES_ERROR;
				GCC_WARN_UNDECLARED_SELECTOR = YES;
				GCC_WARN_UNINITIALIZED_AUTOS = YES_AGGRESSIVE;
				GCC_WARN_UNUSED_FUNCTION = YES;
				GCC_WARN_UNUSED_VARIABLE = YES;
				IPHONEOS_DEPLOYMENT_TARGET = 16.2;
				MTL_ENABLE_DEBUG_INFO = NO;
				MTL_FAST_MATH = YES;
				SDKROOT = iphoneos;
				SWIFT_COMPILATION_MODE = wholemodule;
				SWIFT_OPTIMIZATION_LEVEL = "-O";
				VALIDATE_PRODUCT = YES;
			};
			name = Release;
		};
		48F191E82ACBEBB6009DF668 /* Debug */ = {
			isa = XCBuildConfiguration;
			buildSettings = {
				ASSETCATALOG_COMPILER_APPICON_NAME = AppIcon;
				ASSETCATALOG_COMPILER_GLOBAL_ACCENT_COLOR_NAME = AccentColor;
				CODE_SIGN_STYLE = Automatic;
				CURRENT_PROJECT_VERSION = 1;
				DEVELOPMENT_ASSET_PATHS = "\"GoodSmile/Preview Content\"";
				DEVELOPMENT_TEAM = K4Z8YS9YYL;
				ENABLE_PREVIEWS = YES;
				GENERATE_INFOPLIST_FILE = YES;
				INFOPLIST_KEY_NSCameraUsageDescription = "";
				INFOPLIST_KEY_UIApplicationSupportsIndirectInputEvents = YES;
				INFOPLIST_KEY_UILaunchScreen_Generation = YES;
				INFOPLIST_KEY_UIRequiredDeviceCapabilities = arkit;
				INFOPLIST_KEY_UIStatusBarHidden = YES;
				INFOPLIST_KEY_UISupportedInterfaceOrientations_iPad = "UIInterfaceOrientationPortrait UIInterfaceOrientationPortraitUpsideDown UIInterfaceOrientationLandscapeLeft UIInterfaceOrientationLandscapeRight";
				INFOPLIST_KEY_UISupportedInterfaceOrientations_iPhone = "UIInterfaceOrientationPortrait UIInterfaceOrientationLandscapeLeft UIInterfaceOrientationLandscapeRight";
				IPHONEOS_DEPLOYMENT_TARGET = 16.0;
				LD_RUNPATH_SEARCH_PATHS = (
					"$(inherited)",
					"@executable_path/Frameworks",
				);
				MARKETING_VERSION = 1.0;
				PRODUCT_BUNDLE_IDENTIFIER = com.GoodSmile;
				PRODUCT_NAME = "$(TARGET_NAME)";
				SWIFT_EMIT_LOC_STRINGS = YES;
				SWIFT_VERSION = 5.0;
				TARGETED_DEVICE_FAMILY = "1,2";
			};
			name = Debug;
		};
		48F191E92ACBEBB6009DF668 /* Release */ = {
			isa = XCBuildConfiguration;
			buildSettings = {
				ASSETCATALOG_COMPILER_APPICON_NAME = AppIcon;
				ASSETCATALOG_COMPILER_GLOBAL_ACCENT_COLOR_NAME = AccentColor;
				CODE_SIGN_STYLE = Automatic;
				CURRENT_PROJECT_VERSION = 1;
				DEVELOPMENT_ASSET_PATHS = "\"GoodSmile/Preview Content\"";
				DEVELOPMENT_TEAM = K4Z8YS9YYL;
				ENABLE_PREVIEWS = YES;
				GENERATE_INFOPLIST_FILE = YES;
				INFOPLIST_KEY_NSCameraUsageDescription = "";
				INFOPLIST_KEY_UIApplicationSupportsIndirectInputEvents = YES;
				INFOPLIST_KEY_UILaunchScreen_Generation = YES;
				INFOPLIST_KEY_UIRequiredDeviceCapabilities = arkit;
				INFOPLIST_KEY_UIStatusBarHidden = YES;
				INFOPLIST_KEY_UISupportedInterfaceOrientations_iPad = "UIInterfaceOrientationPortrait UIInterfaceOrientationPortraitUpsideDown UIInterfaceOrientationLandscapeLeft UIInterfaceOrientationLandscapeRight";
				INFOPLIST_KEY_UISupportedInterfaceOrientations_iPhone = "UIInterfaceOrientationPortrait UIInterfaceOrientationLandscapeLeft UIInterfaceOrientationLandscapeRight";
				IPHONEOS_DEPLOYMENT_TARGET = 16.0;
				LD_RUNPATH_SEARCH_PATHS = (
					"$(inherited)",
					"@executable_path/Frameworks",
				);
				MARKETING_VERSION = 1.0;
				PRODUCT_BUNDLE_IDENTIFIER = com.GoodSmile;
				PRODUCT_NAME = "$(TARGET_NAME)";
				SWIFT_EMIT_LOC_STRINGS = YES;
				SWIFT_VERSION = 5.0;
				TARGETED_DEVICE_FAMILY = "1,2";
			};
			name = Release;
		};
/* End XCBuildConfiguration section */

/* Begin XCConfigurationList section */
		48F191D22ACBEBB4009DF668 /* Build configuration list for PBXProject "GoodSmile" */ = {
			isa = XCConfigurationList;
			buildConfigurations = (
				48F191E52ACBEBB6009DF668 /* Debug */,
				48F191E62ACBEBB6009DF668 /* Release */,
			);
			defaultConfigurationIsVisible = 0;
			defaultConfigurationName = Release;
		};
		48F191E72ACBEBB6009DF668 /* Build configuration list for PBXNativeTarget "GoodSmile" */ = {
			isa = XCConfigurationList;
			buildConfigurations = (
				48F191E82ACBEBB6009DF668 /* Debug */,
				48F191E92ACBEBB6009DF668 /* Release */,
			);
			defaultConfigurationIsVisible = 0;
			defaultConfigurationName = Release;
		};
/* End XCConfigurationList section */
	};
	rootObject = 48F191CF2ACBEBB4009DF668 /* Project object */;
}
